
Microsoft Visual Studio Solution File, Format Version 12.00
# Visual Studio 15
Project("{FAE04EC0-301F-11D3-BF4B-00C04F79EFBC}") = "ThirdPersonController", "ThirdPersonController.csproj", "{AAFB35AE-9E97-6E6C-954E-14B1B7F4E3C1}"
EndProject
Global
	GlobalSection(SolutionConfigurationPlatforms) = preSolution
		Debug|Any CPU = Debug|Any CPU
		Release|Any CPU = Release|Any CPU
	EndGlobalSection
	GlobalSection(ProjectConfigurationPlatforms) = postSolution
		{AAFB35AE-9E97-6E6C-954E-14B1B7F4E3C1}.Debug|Any CPU.ActiveCfg = Debug|Any CPU
		{AAFB35AE-9E97-6E6C-954E-14B1B7F4E3C1}.Debug|Any CPU.Build.0 = Debug|Any CPU
		{AAFB35AE-9E97-6E6C-954E-14B1B7F4E3C1}.Release|Any CPU.ActiveCfg = Release|Any CPU
		{AAFB35AE-9E97-6E6C-954E-14B1B7F4E3C1}.Release|Any CPU.Build.0 = Release|Any CPU
	EndGlobalSection
	GlobalSection(SolutionProperties) = preSolution
		HideSolutionNode = FALSE
	EndGlobalSection
EndGlobal
